
Microsoft Visual Studio Solution File, Format Version 12.00
# Visual Studio Version 17
VisualStudioVersion = 17.4.33213.308
MinimumVisualStudioVersion = 10.0.40219.1
Project("{FAE04EC0-301F-11D3-BF4B-00C04F79EFBC}") = "Figuras en matrices", "Figuras en matrices\Figuras en matrices.csproj", "{B0621F3E-4ECE-4117-A621-5EE5ACE7DE02}"
EndProject
Global
	GlobalSection(SolutionConfigurationPlatforms) = preSolution
		Debug|Any CPU = Debug|Any CPU
		Release|Any CPU = Release|Any CPU
	EndGlobalSection
	GlobalSection(ProjectConfigurationPlatforms) = postSolution
		{B0621F3E-4ECE-4117-A621-5EE5ACE7DE02}.Debug|Any CPU.ActiveCfg = Debug|Any CPU
		{B0621F3E-4ECE-4117-A621-5EE5ACE7DE02}.Debug|Any CPU.Build.0 = Debug|Any CPU
		{B0621F3E-4ECE-4117-A621-5EE5ACE7DE02}.Release|Any CPU.ActiveCfg = Release|Any CPU
		{B0621F3E-4ECE-4117-A621-5EE5ACE7DE02}.Release|Any CPU.Build.0 = Release|Any CPU
	EndGlobalSection
	GlobalSection(SolutionProperties) = preSolution
		HideSolutionNode = FALSE
	EndGlobalSection
	GlobalSection(ExtensibilityGlobals) = postSolution
		SolutionGuid = {D8796FD9-2C5C-4D8E-862A-295B07F8E247}
	EndGlobalSection
EndGlobal
